// !$*UTF8*$!
{
	archiveVersion = 1;
	classes = {
	};
	objectVersion = 56;
	objects = {

/* Begin PBXBuildFile section */
		4C1F29852C2179A10032DBD1 /* Fetch___iOS_Coding_ChallengeApp.swift in Sources */ = {isa = PBXBuildFile; fileRef = 4C1F29842C2179A10032DBD1 /* Fetch___iOS_Coding_ChallengeApp.swift */; };
		4C1F29892C2179A20032DBD1 /* Assets.xcassets in Resources */ = {isa = PBXBuildFile; fileRef = 4C1F29882C2179A20032DBD1 /* Assets.xcassets */; };
		4C1F298C2C2179A20032DBD1 /* Preview Assets.xcassets in Resources */ = {isa = PBXBuildFile; fileRef = 4C1F298B2C2179A20032DBD1 /* Preview Assets.xcassets */; };
		4C307A082C217DC4004933DA /* MainRecipeView.swift in Sources */ = {isa = PBXBuildFile; fileRef = 4C307A072C217DC4004933DA /* MainRecipeView.swift */; };
		4C307A0B2C217E1C004933DA /* Meal.swift in Sources */ = {isa = PBXBuildFile; fileRef = 4C307A0A2C217E1C004933DA /* Meal.swift */; };
		4C307A0D2C217FC8004933DA /* MainRecipeViewModel.swift in Sources */ = {isa = PBXBuildFile; fileRef = 4C307A0C2C217FC8004933DA /* MainRecipeViewModel.swift */; };
		4C307A112C2180F7004933DA /* RecipeDataService.swift in Sources */ = {isa = PBXBuildFile; fileRef = 4C307A102C2180F7004933DA /* RecipeDataService.swift */; };
		4C307A132C218499004933DA /* MockRecipeDataService.swift in Sources */ = {isa = PBXBuildFile; fileRef = 4C307A122C218499004933DA /* MockRecipeDataService.swift */; };
		4C307A172C218871004933DA /* RecipeAPIError.swift in Sources */ = {isa = PBXBuildFile; fileRef = 4C307A162C218871004933DA /* RecipeAPIError.swift */; };
		4C307A1B2C218B8A004933DA /* HTTPDataDownloader.swift in Sources */ = {isa = PBXBuildFile; fileRef = 4C307A1A2C218B8A004933DA /* HTTPDataDownloader.swift */; };
		4C307A202C2192A0004933DA /* ImageLoader.swift in Sources */ = {isa = PBXBuildFile; fileRef = 4C307A1F2C2192A0004933DA /* ImageLoader.swift */; };
		4C307A222C2192AD004933DA /* ImageCache.swift in Sources */ = {isa = PBXBuildFile; fileRef = 4C307A212C2192AD004933DA /* ImageCache.swift */; };
		4C307A242C219C13004933DA /* MainMealView.swift in Sources */ = {isa = PBXBuildFile; fileRef = 4C307A232C219C13004933DA /* MainMealView.swift */; };
		4C307A332C21A968004933DA /* TestDataAllMeals.swift in Sources */ = {isa = PBXBuildFile; fileRef = 4C307A322C21A968004933DA /* TestDataAllMeals.swift */; };
		4C307A342C21A968004933DA /* TestDataAllMeals.swift in Sources */ = {isa = PBXBuildFile; fileRef = 4C307A322C21A968004933DA /* TestDataAllMeals.swift */; };
		4C307A362C21C210004933DA /* DetailRecipeView.swift in Sources */ = {isa = PBXBuildFile; fileRef = 4C307A352C21C210004933DA /* DetailRecipeView.swift */; };
		4C307A372C21C210004933DA /* DetailRecipeView.swift in Sources */ = {isa = PBXBuildFile; fileRef = 4C307A352C21C210004933DA /* DetailRecipeView.swift */; };
		4C307A392C21C3A6004933DA /* DetailRecipe.swift in Sources */ = {isa = PBXBuildFile; fileRef = 4C307A382C21C3A6004933DA /* DetailRecipe.swift */; };
		4C307A3A2C21C3A6004933DA /* DetailRecipe.swift in Sources */ = {isa = PBXBuildFile; fileRef = 4C307A382C21C3A6004933DA /* DetailRecipe.swift */; };
		4C307A3C2C21C779004933DA /* DetailRecipeViewModel.swift in Sources */ = {isa = PBXBuildFile; fileRef = 4C307A3B2C21C779004933DA /* DetailRecipeViewModel.swift */; };
		4C307A3D2C21C779004933DA /* DetailRecipeViewModel.swift in Sources */ = {isa = PBXBuildFile; fileRef = 4C307A3B2C21C779004933DA /* DetailRecipeViewModel.swift */; };
		4C307A3F2C21CE0F004933DA /* DetailRecipeImage.swift in Sources */ = {isa = PBXBuildFile; fileRef = 4C307A3E2C21CE0F004933DA /* DetailRecipeImage.swift */; };
		4C39D2772C21D15A00B41C5B /* MealImageModifier.swift in Sources */ = {isa = PBXBuildFile; fileRef = 4C39D2762C21D15A00B41C5B /* MealImageModifier.swift */; };
		4C39D2792C21DB8B00B41C5B /* TextDataRecipe.swift in Sources */ = {isa = PBXBuildFile; fileRef = 4C39D2782C21DB8B00B41C5B /* TextDataRecipe.swift */; };
		4C39D27A2C21DB8B00B41C5B /* TextDataRecipe.swift in Sources */ = {isa = PBXBuildFile; fileRef = 4C39D2782C21DB8B00B41C5B /* TextDataRecipe.swift */; };
/* End PBXBuildFile section */

/* Begin PBXContainerItemProxy section */
		4C307A2D2C21A897004933DA /* PBXContainerItemProxy */ = {
			isa = PBXContainerItemProxy;
			containerPortal = 4C1F29792C2179A10032DBD1 /* Project object */;
			proxyType = 1;
			remoteGlobalIDString = 4C1F29802C2179A10032DBD1;
			remoteInfo = "Fetch - iOS Coding Challenge";
		};
/* End PBXContainerItemProxy section */

/* Begin PBXFileReference section */
		4C1F29812C2179A10032DBD1 /* Fetch - iOS Coding Challenge.app */ = {isa = PBXFileReference; explicitFileType = wrapper.application; includeInIndex = 0; path = "Fetch - iOS Coding Challenge.app"; sourceTree = BUILT_PRODUCTS_DIR; };
		4C1F29842C2179A10032DBD1 /* Fetch___iOS_Coding_ChallengeApp.swift */ = {isa = PBXFileReference; lastKnownFileType = sourcecode.swift; path = "Fetch___iOS_Coding_ChallengeApp.swift"; sourceTree = "<group>"; };
		4C1F29882C2179A20032DBD1 /* Assets.xcassets */ = {isa = PBXFileReference; lastKnownFileType = folder.assetcatalog; path = Assets.xcassets; sourceTree = "<group>"; };
		4C1F298B2C2179A20032DBD1 /* Preview Assets.xcassets */ = {isa = PBXFileReference; lastKnownFileType = folder.assetcatalog; path = "Preview Assets.xcassets"; sourceTree = "<group>"; };
		4C307A072C217DC4004933DA /* MainRecipeView.swift */ = {isa = PBXFileReference; lastKnownFileType = sourcecode.swift; path = MainRecipeView.swift; sourceTree = "<group>"; };
		4C307A0A2C217E1C004933DA /* Meal.swift */ = {isa = PBXFileReference; lastKnownFileType = sourcecode.swift; path = Meal.swift; sourceTree = "<group>"; };
		4C307A0C2C217FC8004933DA /* MainRecipeViewModel.swift */ = {isa = PBXFileReference; lastKnownFileType = sourcecode.swift; path = MainRecipeViewModel.swift; sourceTree = "<group>"; };
		4C307A102C2180F7004933DA /* RecipeDataService.swift */ = {isa = PBXFileReference; lastKnownFileType = sourcecode.swift; path = RecipeDataService.swift; sourceTree = "<group>"; };
		4C307A122C218499004933DA /* MockRecipeDataService.swift */ = {isa = PBXFileReference; lastKnownFileType = sourcecode.swift; path = MockRecipeDataService.swift; sourceTree = "<group>"; };
		4C307A162C218871004933DA /* RecipeAPIError.swift */ = {isa = PBXFileReference; lastKnownFileType = sourcecode.swift; path = RecipeAPIError.swift; sourceTree = "<group>"; };
		4C307A1A2C218B8A004933DA /* HTTPDataDownloader.swift */ = {isa = PBXFileReference; lastKnownFileType = sourcecode.swift; path = HTTPDataDownloader.swift; sourceTree = "<group>"; };
		4C307A1F2C2192A0004933DA /* ImageLoader.swift */ = {isa = PBXFileReference; lastKnownFileType = sourcecode.swift; path = ImageLoader.swift; sourceTree = "<group>"; };
		4C307A212C2192AD004933DA /* ImageCache.swift */ = {isa = PBXFileReference; lastKnownFileType = sourcecode.swift; path = ImageCache.swift; sourceTree = "<group>"; };
		4C307A232C219C13004933DA /* MainMealView.swift */ = {isa = PBXFileReference; lastKnownFileType = sourcecode.swift; path = MainMealView.swift; sourceTree = "<group>"; };
		4C307A292C21A897004933DA /* Fetch - iOS Coding ChallengeTests.xctest */ = {isa = PBXFileReference; explicitFileType = wrapper.cfbundle; includeInIndex = 0; path = "Fetch - iOS Coding ChallengeTests.xctest"; sourceTree = BUILT_PRODUCTS_DIR; };
		4C307A322C21A968004933DA /* TestDataAllMeals.swift */ = {isa = PBXFileReference; lastKnownFileType = sourcecode.swift; path = TestDataAllMeals.swift; sourceTree = "<group>"; };
		4C307A352C21C210004933DA /* DetailRecipeView.swift */ = {isa = PBXFileReference; lastKnownFileType = sourcecode.swift; path = DetailRecipeView.swift; sourceTree = "<group>"; };
		4C307A382C21C3A6004933DA /* DetailRecipe.swift */ = {isa = PBXFileReference; lastKnownFileType = sourcecode.swift; path = DetailRecipe.swift; sourceTree = "<group>"; };
		4C307A3B2C21C779004933DA /* DetailRecipeViewModel.swift */ = {isa = PBXFileReference; lastKnownFileType = sourcecode.swift; path = DetailRecipeViewModel.swift; sourceTree = "<group>"; };
		4C307A3E2C21CE0F004933DA /* DetailRecipeImage.swift */ = {isa = PBXFileReference; lastKnownFileType = sourcecode.swift; path = DetailRecipeImage.swift; sourceTree = "<group>"; };
		4C39D2762C21D15A00B41C5B /* MealImageModifier.swift */ = {isa = PBXFileReference; lastKnownFileType = sourcecode.swift; path = MealImageModifier.swift; sourceTree = "<group>"; };
		4C39D2782C21DB8B00B41C5B /* TextDataRecipe.swift */ = {isa = PBXFileReference; lastKnownFileType = sourcecode.swift; path = TextDataRecipe.swift; sourceTree = "<group>"; };
/* End PBXFileReference section */

/* Begin PBXFrameworksBuildPhase section */
		4C1F297E2C2179A10032DBD1 /* Frameworks */ = {
			isa = PBXFrameworksBuildPhase;
			buildActionMask = 2147483647;
			files = (
			);
			runOnlyForDeploymentPostprocessing = 0;
		};
		4C307A262C21A897004933DA /* Frameworks */ = {
			isa = PBXFrameworksBuildPhase;
			buildActionMask = 2147483647;
			files = (
			);
			runOnlyForDeploymentPostprocessing = 0;
		};
/* End PBXFrameworksBuildPhase section */

/* Begin PBXGroup section */
		4C1F29782C2179A10032DBD1 = {
			isa = PBXGroup;
			children = (
				4C1F29832C2179A10032DBD1 /* Fetch - iOS Coding Challenge */,
				4C307A2A2C21A897004933DA /* Fetch - iOS Coding ChallengeTests */,
				4C1F29822C2179A10032DBD1 /* Products */,
			);
			sourceTree = "<group>";
		};
		4C1F29822C2179A10032DBD1 /* Products */ = {
			isa = PBXGroup;
			children = (
				4C1F29812C2179A10032DBD1 /* Fetch - iOS Coding Challenge.app */,
				4C307A292C21A897004933DA /* Fetch - iOS Coding ChallengeTests.xctest */,
			);
			name = Products;
			sourceTree = "<group>";
		};
		4C1F29832C2179A10032DBD1 /* Fetch - iOS Coding Challenge */ = {
			isa = PBXGroup;
			children = (
				4C3079FC2C217CE5004933DA /* App */,
				4C1F29882C2179A20032DBD1 /* Assets.xcassets */,
				4C3079FD2C217CF1004933DA /* Core */,
				4C1F298A2C2179A20032DBD1 /* Preview Content */,
			);
			path = "Fetch - iOS Coding Challenge";
			sourceTree = "<group>";
		};
		4C1F298A2C2179A20032DBD1 /* Preview Content */ = {
			isa = PBXGroup;
			children = (
				4C1F298B2C2179A20032DBD1 /* Preview Assets.xcassets */,
			);
			path = "Preview Content";
			sourceTree = "<group>";
		};
		4C3079FC2C217CE5004933DA /* App */ = {
			isa = PBXGroup;
			children = (
				4C1F29842C2179A10032DBD1 /* Fetch___iOS_Coding_ChallengeApp.swift */,
			);
			path = App;
			sourceTree = "<group>";
		};
		4C3079FD2C217CF1004933DA /* Core */ = {
			isa = PBXGroup;
			children = (
				4C307A002C217D45004933DA /* DetailRecipe */,
				4C3079FF2C217D09004933DA /* MainRecipe */,
				4C307A0E2C2180B0004933DA /* Services */,
				4C3079FE2C217CF5004933DA /* Shared */,
			);
			path = Core;
			sourceTree = "<group>";
		};
		4C3079FE2C217CF5004933DA /* Shared */ = {
			isa = PBXGroup;
			children = (
				4C307A1D2C219263004933DA /* Data */,
				4C307A1C2C219257004933DA /* Error */,
			);
			path = Shared;
			sourceTree = "<group>";
		};
		4C3079FF2C217D09004933DA /* MainRecipe */ = {
			isa = PBXGroup;
			children = (
				4C307A032C217D67004933DA /* Model */,
				4C307A012C217D5F004933DA /* View */,
				4C307A022C217D62004933DA /* ViewModel */,
			);
			path = MainRecipe;
			sourceTree = "<group>";
		};
		4C307A002C217D45004933DA /* DetailRecipe */ = {
			isa = PBXGroup;
			children = (
				4C307A062C217D74004933DA /* Model */,
				4C307A042C217D6C004933DA /* View */,
				4C307A052C217D70004933DA /* ViewModel */,
			);
			path = DetailRecipe;
			sourceTree = "<group>";
		};
		4C307A012C217D5F004933DA /* View */ = {
			isa = PBXGroup;
			children = (
				4C39D2752C21D13B00B41C5B /* Modifiers */,
				4C307A072C217DC4004933DA /* MainRecipeView.swift */,
				4C307A232C219C13004933DA /* MainMealView.swift */,
			);
			path = View;
			sourceTree = "<group>";
		};
		4C307A022C217D62004933DA /* ViewModel */ = {
			isa = PBXGroup;
			children = (
				4C307A0C2C217FC8004933DA /* MainRecipeViewModel.swift */,
			);
			path = ViewModel;
			sourceTree = "<group>";
		};
		4C307A032C217D67004933DA /* Model */ = {
			isa = PBXGroup;
			children = (
				4C307A0A2C217E1C004933DA /* Meal.swift */,
			);
			path = Model;
			sourceTree = "<group>";
		};
		4C307A042C217D6C004933DA /* View */ = {
			isa = PBXGroup;
			children = (
				4C307A352C21C210004933DA /* DetailRecipeView.swift */,
				4C307A3E2C21CE0F004933DA /* DetailRecipeImage.swift */,
			);
			path = View;
			sourceTree = "<group>";
		};
		4C307A052C217D70004933DA /* ViewModel */ = {
			isa = PBXGroup;
			children = (
				4C307A3B2C21C779004933DA /* DetailRecipeViewModel.swift */,
			);
			path = ViewModel;
			sourceTree = "<group>";
		};
		4C307A062C217D74004933DA /* Model */ = {
			isa = PBXGroup;
			children = (
				4C307A382C21C3A6004933DA /* DetailRecipe.swift */,
			);
			path = Model;
			sourceTree = "<group>";
		};
		4C307A0E2C2180B0004933DA /* Services */ = {
			isa = PBXGroup;
			children = (
				4C307A102C2180F7004933DA /* RecipeDataService.swift */,
				4C307A122C218499004933DA /* MockRecipeDataService.swift */,
			);
			path = Services;
			sourceTree = "<group>";
		};
		4C307A1C2C219257004933DA /* Error */ = {
			isa = PBXGroup;
			children = (
				4C307A162C218871004933DA /* RecipeAPIError.swift */,
			);
			path = Error;
			sourceTree = "<group>";
		};
		4C307A1D2C219263004933DA /* Data */ = {
			isa = PBXGroup;
			children = (
				4C307A212C2192AD004933DA /* ImageCache.swift */,
				4C307A1F2C2192A0004933DA /* ImageLoader.swift */,
				4C307A1A2C218B8A004933DA /* HTTPDataDownloader.swift */,
			);
			path = Data;
			sourceTree = "<group>";
		};
		4C307A2A2C21A897004933DA /* Fetch - iOS Coding ChallengeTests */ = {
			isa = PBXGroup;
			children = (
				4C307A322C21A968004933DA /* TestDataAllMeals.swift */,
				4C39D2782C21DB8B00B41C5B /* TextDataRecipe.swift */,
			);
			path = "Fetch - iOS Coding ChallengeTests";
			sourceTree = "<group>";
		};
		4C39D2752C21D13B00B41C5B /* Modifiers */ = {
			isa = PBXGroup;
			children = (
				4C39D2762C21D15A00B41C5B /* MealImageModifier.swift */,
			);
			path = Modifiers;
			sourceTree = "<group>";
		};
/* End PBXGroup section */

/* Begin PBXNativeTarget section */
		4C1F29802C2179A10032DBD1 /* Fetch - iOS Coding Challenge */ = {
			isa = PBXNativeTarget;
			buildConfigurationList = 4C1F298F2C2179A20032DBD1 /* Build configuration list for PBXNativeTarget "Fetch - iOS Coding Challenge" */;
			buildPhases = (
				4C1F297D2C2179A10032DBD1 /* Sources */,
				4C1F297E2C2179A10032DBD1 /* Frameworks */,
				4C1F297F2C2179A10032DBD1 /* Resources */,
			);
			buildRules = (
			);
			dependencies = (
			);
			name = "Fetch - iOS Coding Challenge";
			productName = "Fetch - iOS Coding Challenge";
			productReference = 4C1F29812C2179A10032DBD1 /* Fetch - iOS Coding Challenge.app */;
			productType = "com.apple.product-type.application";
		};
		4C307A282C21A897004933DA /* Fetch - iOS Coding ChallengeTests */ = {
			isa = PBXNativeTarget;
			buildConfigurationList = 4C307A2F2C21A897004933DA /* Build configuration list for PBXNativeTarget "Fetch - iOS Coding ChallengeTests" */;
			buildPhases = (
				4C307A252C21A897004933DA /* Sources */,
				4C307A262C21A897004933DA /* Frameworks */,
				4C307A272C21A897004933DA /* Resources */,
			);
			buildRules = (
			);
			dependencies = (
				4C307A2E2C21A897004933DA /* PBXTargetDependency */,
			);
			name = "Fetch - iOS Coding ChallengeTests";
			productName = "Fetch - iOS Coding ChallengeTests";
			productReference = 4C307A292C21A897004933DA /* Fetch - iOS Coding ChallengeTests.xctest */;
			productType = "com.apple.product-type.bundle.unit-test";
		};
/* End PBXNativeTarget section */

/* Begin PBXProject section */
		4C1F29792C2179A10032DBD1 /* Project object */ = {
			isa = PBXProject;
			attributes = {
				BuildIndependentTargetsInParallel = 1;
				LastSwiftUpdateCheck = 1540;
				LastUpgradeCheck = 1540;
				TargetAttributes = {
					4C1F29802C2179A10032DBD1 = {
						CreatedOnToolsVersion = 15.4;
					};
					4C307A282C21A897004933DA = {
						CreatedOnToolsVersion = 15.4;
						LastSwiftMigration = 1540;
						TestTargetID = 4C1F29802C2179A10032DBD1;
					};
				};
			};
			buildConfigurationList = 4C1F297C2C2179A10032DBD1 /* Build configuration list for PBXProject "Fetch - iOS Coding Challenge" */;
			compatibilityVersion = "Xcode 14.0";
			developmentRegion = en;
			hasScannedForEncodings = 0;
			knownRegions = (
				en,
				Base,
			);
			mainGroup = 4C1F29782C2179A10032DBD1;
			productRefGroup = 4C1F29822C2179A10032DBD1 /* Products */;
			projectDirPath = "";
			projectRoot = "";
			targets = (
				4C1F29802C2179A10032DBD1 /* Fetch - iOS Coding Challenge */,
				4C307A282C21A897004933DA /* Fetch - iOS Coding ChallengeTests */,
			);
		};
/* End PBXProject section */

/* Begin PBXResourcesBuildPhase section */
		4C1F297F2C2179A10032DBD1 /* Resources */ = {
			isa = PBXResourcesBuildPhase;
			buildActionMask = 2147483647;
			files = (
				4C1F298C2C2179A20032DBD1 /* Preview Assets.xcassets in Resources */,
				4C1F29892C2179A20032DBD1 /* Assets.xcassets in Resources */,
			);
			runOnlyForDeploymentPostprocessing = 0;
		};
		4C307A272C21A897004933DA /* Resources */ = {
			isa = PBXResourcesBuildPhase;
			buildActionMask = 2147483647;
			files = (
			);
			runOnlyForDeploymentPostprocessing = 0;
		};
/* End PBXResourcesBuildPhase section */

/* Begin PBXSourcesBuildPhase section */
		4C1F297D2C2179A10032DBD1 /* Sources */ = {
			isa = PBXSourcesBuildPhase;
			buildActionMask = 2147483647;
			files = (
				4C39D2792C21DB8B00B41C5B /* TextDataRecipe.swift in Sources */,
				4C307A222C2192AD004933DA /* ImageCache.swift in Sources */,
				4C307A242C219C13004933DA /* MainMealView.swift in Sources */,
				4C1F29852C2179A10032DBD1 /* Fetch___iOS_Coding_ChallengeApp.swift in Sources */,
				4C307A332C21A968004933DA /* TestDataAllMeals.swift in Sources */,
				4C307A0D2C217FC8004933DA /* MainRecipeViewModel.swift in Sources */,
				4C307A172C218871004933DA /* RecipeAPIError.swift in Sources */,
				4C39D2772C21D15A00B41C5B /* MealImageModifier.swift in Sources */,
				4C307A112C2180F7004933DA /* RecipeDataService.swift in Sources */,
				4C307A1B2C218B8A004933DA /* HTTPDataDownloader.swift in Sources */,
				4C307A3C2C21C779004933DA /* DetailRecipeViewModel.swift in Sources */,
				4C307A362C21C210004933DA /* DetailRecipeView.swift in Sources */,
				4C307A3F2C21CE0F004933DA /* DetailRecipeImage.swift in Sources */,
				4C307A202C2192A0004933DA /* ImageLoader.swift in Sources */,
				4C307A392C21C3A6004933DA /* DetailRecipe.swift in Sources */,
				4C307A132C218499004933DA /* MockRecipeDataService.swift in Sources */,
				4C307A0B2C217E1C004933DA /* Meal.swift in Sources */,
				4C307A082C217DC4004933DA /* MainRecipeView.swift in Sources */,
			);
			runOnlyForDeploymentPostprocessing = 0;
		};
		4C307A252C21A897004933DA /* Sources */ = {
			isa = PBXSourcesBuildPhase;
			buildActionMask = 2147483647;
			files = (
				4C39D27A2C21DB8B00B41C5B /* TextDataRecipe.swift in Sources */,
				4C307A3A2C21C3A6004933DA /* DetailRecipe.swift in Sources */,
				4C307A342C21A968004933DA /* TestDataAllMeals.swift in Sources */,
				4C307A372C21C210004933DA /* DetailRecipeView.swift in Sources */,
				4C307A3D2C21C779004933DA /* DetailRecipeViewModel.swift in Sources */,
			);
			runOnlyForDeploymentPostprocessing = 0;
		};
/* End PBXSourcesBuildPhase section */

/* Begin PBXTargetDependency section */
		4C307A2E2C21A897004933DA /* PBXTargetDependency */ = {
			isa = PBXTargetDependency;
			target = 4C1F29802C2179A10032DBD1 /* Fetch - iOS Coding Challenge */;
			targetProxy = 4C307A2D2C21A897004933DA /* PBXContainerItemProxy */;
		};
/* End PBXTargetDependency section */

/* Begin XCBuildConfiguration section */
		4C1F298D2C2179A20032DBD1 /* Debug */ = {
			isa = XCBuildConfiguration;
			buildSettings = {
				ALWAYS_SEARCH_USER_PATHS = NO;
				ASSETCATALOG_COMPILER_GENERATE_SWIFT_ASSET_SYMBOL_EXTENSIONS = YES;
				CLANG_ANALYZER_NONNULL = YES;
				CLANG_ANALYZER_NUMBER_OBJECT_CONVERSION = YES_AGGRESSIVE;
				CLANG_CXX_LANGUAGE_STANDARD = "gnu++20";
				CLANG_ENABLE_MODULES = YES;
				CLANG_ENABLE_OBJC_ARC = YES;
				CLANG_ENABLE_OBJC_WEAK = YES;
				CLANG_WARN_BLOCK_CAPTURE_AUTORELEASING = YES;
				CLANG_WARN_BOOL_CONVERSION = YES;
				CLANG_WARN_COMMA = YES;
				CLANG_WARN_CONSTANT_CONVERSION = YES;
				CLANG_WARN_DEPRECATED_OBJC_IMPLEMENTATIONS = YES;
				CLANG_WARN_DIRECT_OBJC_ISA_USAGE = YES_ERROR;
				CLANG_WARN_DOCUMENTATION_COMMENTS = YES;
				CLANG_WARN_EMPTY_BODY = YES;
				CLANG_WARN_ENUM_CONVERSION = YES;
				CLANG_WARN_INFINITE_RECURSION = YES;
				CLANG_WARN_INT_CONVERSION = YES;
				CLANG_WARN_NON_LITERAL_NULL_CONVERSION = YES;
				CLANG_WARN_OBJC_IMPLICIT_RETAIN_SELF = YES;
				CLANG_WARN_OBJC_LITERAL_CONVERSION = YES;
				CLANG_WARN_OBJC_ROOT_CLASS = YES_ERROR;
				CLANG_WARN_QUOTED_INCLUDE_IN_FRAMEWORK_HEADER = YES;
				CLANG_WARN_RANGE_LOOP_ANALYSIS = YES;
				CLANG_WARN_STRICT_PROTOTYPES = YES;
				CLANG_WARN_SUSPICIOUS_MOVE = YES;
				CLANG_WARN_UNGUARDED_AVAILABILITY = YES_AGGRESSIVE;
				CLANG_WARN_UNREACHABLE_CODE = YES;
				CLANG_WARN__DUPLICATE_METHOD_MATCH = YES;
				COPY_PHASE_STRIP = NO;
				DEBUG_INFORMATION_FORMAT = dwarf;
				ENABLE_STRICT_OBJC_MSGSEND = YES;
				ENABLE_TESTABILITY = YES;
				ENABLE_USER_SCRIPT_SANDBOXING = YES;
				GCC_C_LANGUAGE_STANDARD = gnu17;
				GCC_DYNAMIC_NO_PIC = NO;
				GCC_NO_COMMON_BLOCKS = YES;
				GCC_OPTIMIZATION_LEVEL = 0;
				GCC_PREPROCESSOR_DEFINITIONS = (
					"DEBUG=1",
					"$(inherited)",
				);
				GCC_WARN_64_TO_32_BIT_CONVERSION = YES;
				GCC_WARN_ABOUT_RETURN_TYPE = YES_ERROR;
				GCC_WARN_UNDECLARED_SELECTOR = YES;
				GCC_WARN_UNINITIALIZED_AUTOS = YES_AGGRESSIVE;
				GCC_WARN_UNUSED_FUNCTION = YES;
				GCC_WARN_UNUSED_VARIABLE = YES;
				IPHONEOS_DEPLOYMENT_TARGET = 17.4;
				LOCALIZATION_PREFERS_STRING_CATALOGS = YES;
				MTL_ENABLE_DEBUG_INFO = INCLUDE_SOURCE;
				MTL_FAST_MATH = YES;
				ONLY_ACTIVE_ARCH = YES;
				SDKROOT = iphoneos;
				SWIFT_ACTIVE_COMPILATION_CONDITIONS = "DEBUG $(inherited)";
				SWIFT_OPTIMIZATION_LEVEL = "-Onone";
			};
			name = Debug;
		};
		4C1F298E2C2179A20032DBD1 /* Release */ = {
			isa = XCBuildConfiguration;
			buildSettings = {
				ALWAYS_SEARCH_USER_PATHS = NO;
				ASSETCATALOG_COMPILER_GENERATE_SWIFT_ASSET_SYMBOL_EXTENSIONS = YES;
				CLANG_ANALYZER_NONNULL = YES;
				CLANG_ANALYZER_NUMBER_OBJECT_CONVERSION = YES_AGGRESSIVE;
				CLANG_CXX_LANGUAGE_STANDARD = "gnu++20";
				CLANG_ENABLE_MODULES = YES;
				CLANG_ENABLE_OBJC_ARC = YES;
				CLANG_ENABLE_OBJC_WEAK = YES;
				CLANG_WARN_BLOCK_CAPTURE_AUTORELEASING = YES;
				CLANG_WARN_BOOL_CONVERSION = YES;
				CLANG_WARN_COMMA = YES;
				CLANG_WARN_CONSTANT_CONVERSION = YES;
				CLANG_WARN_DEPRECATED_OBJC_IMPLEMENTATIONS = YES;
				CLANG_WARN_DIRECT_OBJC_ISA_USAGE = YES_ERROR;
				CLANG_WARN_DOCUMENTATION_COMMENTS = YES;
				CLANG_WARN_EMPTY_BODY = YES;
				CLANG_WARN_ENUM_CONVERSION = YES;
				CLANG_WARN_INFINITE_RECURSION = YES;
				CLANG_WARN_INT_CONVERSION = YES;
				CLANG_WARN_NON_LITERAL_NULL_CONVERSION = YES;
				CLANG_WARN_OBJC_IMPLICIT_RETAIN_SELF = YES;
				CLANG_WARN_OBJC_LITERAL_CONVERSION = YES;
				CLANG_WARN_OBJC_ROOT_CLASS = YES_ERROR;
				CLANG_WARN_QUOTED_INCLUDE_IN_FRAMEWORK_HEADER = YES;
				CLANG_WARN_RANGE_LOOP_ANALYSIS = YES;
				CLANG_WARN_STRICT_PROTOTYPES = YES;
				CLANG_WARN_SUSPICIOUS_MOVE = YES;
				CLANG_WARN_UNGUARDED_AVAILABILITY = YES_AGGRESSIVE;
				CLANG_WARN_UNREACHABLE_CODE = YES;
				CLANG_WARN__DUPLICATE_METHOD_MATCH = YES;
				COPY_PHASE_STRIP = NO;
				DEBUG_INFORMATION_FORMAT = "dwarf-with-dsym";
				ENABLE_NS_ASSERTIONS = NO;
				ENABLE_STRICT_OBJC_MSGSEND = YES;
				ENABLE_USER_SCRIPT_SANDBOXING = YES;
				GCC_C_LANGUAGE_STANDARD = gnu17;
				GCC_NO_COMMON_BLOCKS = YES;
				GCC_WARN_64_TO_32_BIT_CONVERSION = YES;
				GCC_WARN_ABOUT_RETURN_TYPE = YES_ERROR;
				GCC_WARN_UNDECLARED_SELECTOR = YES;
				GCC_WARN_UNINITIALIZED_AUTOS = YES_AGGRESSIVE;
				GCC_WARN_UNUSED_FUNCTION = YES;
				GCC_WARN_UNUSED_VARIABLE = YES;
				IPHONEOS_DEPLOYMENT_TARGET = 17.4;
				LOCALIZATION_PREFERS_STRING_CATALOGS = YES;
				MTL_ENABLE_DEBUG_INFO = NO;
				MTL_FAST_MATH = YES;
				SDKROOT = iphoneos;
				SWIFT_COMPILATION_MODE = wholemodule;
				VALIDATE_PRODUCT = YES;
			};
			name = Release;
		};
		4C1F29902C2179A20032DBD1 /* Debug */ = {
			isa = XCBuildConfiguration;
			buildSettings = {
				ASSETCATALOG_COMPILER_APPICON_NAME = AppIcon;
				ASSETCATALOG_COMPILER_GLOBAL_ACCENT_COLOR_NAME = AccentColor;
				CODE_SIGN_STYLE = Automatic;
				CURRENT_PROJECT_VERSION = 1;
				DEVELOPMENT_ASSET_PATHS = "\"Fetch - iOS Coding Challenge/Preview Content\"";
				DEVELOPMENT_TEAM = P4WXW6TMCC;
				ENABLE_PREVIEWS = YES;
				GENERATE_INFOPLIST_FILE = YES;
				INFOPLIST_KEY_UIApplicationSceneManifest_Generation = YES;
				INFOPLIST_KEY_UIApplicationSupportsIndirectInputEvents = YES;
				INFOPLIST_KEY_UILaunchScreen_Generation = YES;
				INFOPLIST_KEY_UISupportedInterfaceOrientations_iPad = "UIInterfaceOrientationPortrait UIInterfaceOrientationPortraitUpsideDown UIInterfaceOrientationLandscapeLeft UIInterfaceOrientationLandscapeRight";
				INFOPLIST_KEY_UISupportedInterfaceOrientations_iPhone = "UIInterfaceOrientationPortrait UIInterfaceOrientationLandscapeLeft UIInterfaceOrientationLandscapeRight";
				LD_RUNPATH_SEARCH_PATHS = (
					"$(inherited)",
					"@executable_path/Frameworks",
				);
				MARKETING_VERSION = 1.0;
				PRODUCT_BUNDLE_IDENTIFIER = "ibhasin.Fetch---iOS-Coding-Challenge";
				PRODUCT_NAME = "$(TARGET_NAME)";
				SWIFT_EMIT_LOC_STRINGS = YES;
				SWIFT_VERSION = 5.0;
				TARGETED_DEVICE_FAMILY = "1,2";
			};
			name = Debug;
		};
		4C1F29912C2179A20032DBD1 /* Release */ = {
			isa = XCBuildConfiguration;
			buildSettings = {
				ASSETCATALOG_COMPILER_APPICON_NAME = AppIcon;
				ASSETCATALOG_COMPILER_GLOBAL_ACCENT_COLOR_NAME = AccentColor;
				CODE_SIGN_STYLE = Automatic;
				CURRENT_PROJECT_VERSION = 1;
				DEVELOPMENT_ASSET_PATHS = "\"Fetch - iOS Coding Challenge/Preview Content\"";
				DEVELOPMENT_TEAM = P4WXW6TMCC;
				ENABLE_PREVIEWS = YES;
				GENERATE_INFOPLIST_FILE = YES;
				INFOPLIST_KEY_UIApplicationSceneManifest_Generation = YES;
				INFOPLIST_KEY_UIApplicationSupportsIndirectInputEvents = YES;
				INFOPLIST_KEY_UILaunchScreen_Generation = YES;
				INFOPLIST_KEY_UISupportedInterfaceOrientations_iPad = "UIInterfaceOrientationPortrait UIInterfaceOrientationPortraitUpsideDown UIInterfaceOrientationLandscapeLeft UIInterfaceOrientationLandscapeRight";
				INFOPLIST_KEY_UISupportedInterfaceOrientations_iPhone = "UIInterfaceOrientationPortrait UIInterfaceOrientationLandscapeLeft UIInterfaceOrientationLandscapeRight";
				LD_RUNPATH_SEARCH_PATHS = (
					"$(inherited)",
					"@executable_path/Frameworks",
				);
				MARKETING_VERSION = 1.0;
				PRODUCT_BUNDLE_IDENTIFIER = "ibhasin.Fetch---iOS-Coding-Challenge";
				PRODUCT_NAME = "$(TARGET_NAME)";
				SWIFT_EMIT_LOC_STRINGS = YES;
				SWIFT_VERSION = 5.0;
				TARGETED_DEVICE_FAMILY = "1,2";
			};
			name = Release;
		};
		4C307A302C21A897004933DA /* Debug */ = {
			isa = XCBuildConfiguration;
			buildSettings = {
				BUNDLE_LOADER = "$(TEST_HOST)";
				CLANG_ENABLE_MODULES = YES;
				CODE_SIGN_STYLE = Automatic;
				CURRENT_PROJECT_VERSION = 1;
				DEVELOPMENT_TEAM = P4WXW6TMCC;
				GENERATE_INFOPLIST_FILE = YES;
				MARKETING_VERSION = 1.0;
				PRODUCT_BUNDLE_IDENTIFIER = "ibhasin.Fetch---iOS-Coding-ChallengeTests";
				PRODUCT_NAME = "$(TARGET_NAME)";
				SWIFT_EMIT_LOC_STRINGS = NO;
				SWIFT_OPTIMIZATION_LEVEL = "-Onone";
				SWIFT_VERSION = 5.0;
				TARGETED_DEVICE_FAMILY = "1,2";
				TEST_HOST = "$(BUILT_PRODUCTS_DIR)/Fetch - iOS Coding Challenge.app/$(BUNDLE_EXECUTABLE_FOLDER_PATH)/Fetch - iOS Coding Challenge";
			};
			name = Debug;
		};
		4C307A312C21A897004933DA /* Release */ = {
			isa = XCBuildConfiguration;
			buildSettings = {
				BUNDLE_LOADER = "$(TEST_HOST)";
				CLANG_ENABLE_MODULES = YES;
				CODE_SIGN_STYLE = Automatic;
				CURRENT_PROJECT_VERSION = 1;
				DEVELOPMENT_TEAM = P4WXW6TMCC;
				GENERATE_INFOPLIST_FILE = YES;
				MARKETING_VERSION = 1.0;
				PRODUCT_BUNDLE_IDENTIFIER = "ibhasin.Fetch---iOS-Coding-ChallengeTests";
				PRODUCT_NAME = "$(TARGET_NAME)";
				SWIFT_EMIT_LOC_STRINGS = NO;
				SWIFT_VERSION = 5.0;
				TARGETED_DEVICE_FAMILY = "1,2";
				TEST_HOST = "$(BUILT_PRODUCTS_DIR)/Fetch - iOS Coding Challenge.app/$(BUNDLE_EXECUTABLE_FOLDER_PATH)/Fetch - iOS Coding Challenge";
			};
			name = Release;
		};
/* End XCBuildConfiguration section */

/* Begin XCConfigurationList section */
		4C1F297C2C2179A10032DBD1 /* Build configuration list for PBXProject "Fetch - iOS Coding Challenge" */ = {
			isa = XCConfigurationList;
			buildConfigurations = (
				4C1F298D2C2179A20032DBD1 /* Debug */,
				4C1F298E2C2179A20032DBD1 /* Release */,
			);
			defaultConfigurationIsVisible = 0;
			defaultConfigurationName = Release;
		};
		4C1F298F2C2179A20032DBD1 /* Build configuration list for PBXNativeTarget "Fetch - iOS Coding Challenge" */ = {
			isa = XCConfigurationList;
			buildConfigurations = (
				4C1F29902C2179A20032DBD1 /* Debug */,
				4C1F29912C2179A20032DBD1 /* Release */,
			);
			defaultConfigurationIsVisible = 0;
			defaultConfigurationName = Release;
		};
		4C307A2F2C21A897004933DA /* Build configuration list for PBXNativeTarget "Fetch - iOS Coding ChallengeTests" */ = {
			isa = XCConfigurationList;
			buildConfigurations = (
				4C307A302C21A897004933DA /* Debug */,
				4C307A312C21A897004933DA /* Release */,
			);
			defaultConfigurationIsVisible = 0;
			defaultConfigurationName = Release;
		};
/* End XCConfigurationList section */
	};
	rootObject = 4C1F29792C2179A10032DBD1 /* Project object */;
}
